
Microsoft Visual Studio Solution File, Format Version 12.00
# Visual Studio 15
VisualStudioVersion = 15.0.28010.2050
MinimumVisualStudioVersion = 10.0.40219.1
Project("{FAE04EC0-301F-11D3-BF4B-00C04F79EFBC}") = "XfBreakout.Android", "XfBreakout\XfBreakout.Android\XfBreakout.Android.csproj", "{5F9D7EEF-BFB9-4060-A8AD-564E860CD910}"
EndProject
Project("{FAE04EC0-301F-11D3-BF4B-00C04F79EFBC}") = "XfBreakout.iOS", "XfBreakout\XfBreakout.iOS\XfBreakout.iOS.csproj", "{7AA14394-F93A-49BB-BD05-EC4040EB0489}"
EndProject
Project("{FAE04EC0-301F-11D3-BF4B-00C04F79EFBC}") = "XfBreakout.UWP", "XfBreakout\XfBreakout.UWP\XfBreakout.UWP.csproj", "{EDA34052-09BF-41C2-97B9-5BEAF81BDD7A}"
EndProject
Project("{FAE04EC0-301F-11D3-BF4B-00C04F79EFBC}") = "XfBreakout", "XfBreakout\XfBreakout\XfBreakout.csproj", "{AB2C66FA-5C7B-4AE1-A406-2680231A830A}"
EndProject
Global
	GlobalSection(SolutionConfigurationPlatforms) = preSolution
		Ad-Hoc|Any CPU = Ad-Hoc|Any CPU
		Ad-Hoc|ARM = Ad-Hoc|ARM
		Ad-Hoc|iPhone = Ad-Hoc|iPhone
		Ad-Hoc|iPhoneSimulator = Ad-Hoc|iPhoneSimulator
		Ad-Hoc|x64 = Ad-Hoc|x64
		Ad-Hoc|x86 = Ad-Hoc|x86
		AppStore|Any CPU = AppStore|Any CPU
		AppStore|ARM = AppStore|ARM
		AppStore|iPhone = AppStore|iPhone
		AppStore|iPhoneSimulator = AppStore|iPhoneSimulator
		AppStore|x64 = AppStore|x64
		AppStore|x86 = AppStore|x86
		Debug|Any CPU = Debug|Any CPU
		Debug|ARM = Debug|ARM
		Debug|iPhone = Debug|iPhone
		Debug|iPhoneSimulator = Debug|iPhoneSimulator
		Debug|x64 = Debug|x64
		Debug|x86 = Debug|x86
		Release|Any CPU = Release|Any CPU
		Release|ARM = Release|ARM
		Release|iPhone = Release|iPhone
		Release|iPhoneSimulator = Release|iPhoneSimulator
		Release|x64 = Release|x64
		Release|x86 = Release|x86
	EndGlobalSection
	GlobalSection(ProjectConfigurationPlatforms) = postSolution
		{5F9D7EEF-BFB9-4060-A8AD-564E860CD910}.Ad-Hoc|Any CPU.ActiveCfg = Release|Any CPU
		{5F9D7EEF-BFB9-4060-A8AD-564E860CD910}.Ad-Hoc|Any CPU.Build.0 = Release|Any CPU
		{5F9D7EEF-BFB9-4060-A8AD-564E860CD910}.Ad-Hoc|Any CPU.Deploy.0 = Release|Any CPU
		{5F9D7EEF-BFB9-4060-A8AD-564E860CD910}.Ad-Hoc|ARM.ActiveCfg = Release|Any CPU
		{5F9D7EEF-BFB9-4060-A8AD-564E860CD910}.Ad-Hoc|ARM.Build.0 = Release|Any CPU
		{5F9D7EEF-BFB9-4060-A8AD-564E860CD910}.Ad-Hoc|ARM.Deploy.0 = Release|Any CPU
		{5F9D7EEF-BFB9-4060-A8AD-564E860CD910}.Ad-Hoc|iPhone.ActiveCfg = Release|Any CPU
		{5F9D7EEF-BFB9-4060-A8AD-564E860CD910}.Ad-Hoc|iPhone.Build.0 = Release|Any CPU
		{5F9D7EEF-BFB9-4060-A8AD-564E860CD910}.Ad-Hoc|iPhone.Deploy.0 = Release|Any CPU
		{5F9D7EEF-BFB9-4060-A8AD-564E860CD910}.Ad-Hoc|iPhoneSimulator.ActiveCfg = Release|Any CPU
		{5F9D7EEF-BFB9-4060-A8AD-564E860CD910}.Ad-Hoc|iPhoneSimulator.Build.0 = Release|Any CPU
		{5F9D7EEF-BFB9-4060-A8AD-564E860CD910}.Ad-Hoc|iPhoneSimulator.Deploy.0 = Release|Any CPU
		{5F9D7EEF-BFB9-4060-A8AD-564E860CD910}.Ad-Hoc|x64.ActiveCfg = Release|Any CPU
		{5F9D7EEF-BFB9-4060-A8AD-564E860CD910}.Ad-Hoc|x64.Build.0 = Release|Any CPU
		{5F9D7EEF-BFB9-4060-A8AD-564E860CD910}.Ad-Hoc|x64.Deploy.0 = Release|Any CPU
		{5F9D7EEF-BFB9-4060-A8AD-564E860CD910}.Ad-Hoc|x86.ActiveCfg = Release|Any CPU
		{5F9D7EEF-BFB9-4060-A8AD-564E860CD910}.Ad-Hoc|x86.Build.0 = Release|Any CPU
		{5F9D7EEF-BFB9-4060-A8AD-564E860CD910}.Ad-Hoc|x86.Deploy.0 = Release|Any CPU
		{5F9D7EEF-BFB9-4060-A8AD-564E860CD910}.AppStore|Any CPU.ActiveCfg = Release|Any CPU
		{5F9D7EEF-BFB9-4060-A8AD-564E860CD910}.AppStore|Any CPU.Build.0 = Release|Any CPU
		{5F9D7EEF-BFB9-4060-A8AD-564E860CD910}.AppStore|Any CPU.Deploy.0 = Release|Any CPU
		{5F9D7EEF-BFB9-4060-A8AD-564E860CD910}.AppStore|ARM.ActiveCfg = Release|Any CPU
		{5F9D7EEF-BFB9-4060-A8AD-564E860CD910}.AppStore|ARM.Build.0 = Release|Any CPU
		{5F9D7EEF-BFB9-4060-A8AD-564E860CD910}.AppStore|ARM.Deploy.0 = Release|Any CPU
		{5F9D7EEF-BFB9-4060-A8AD-564E860CD910}.AppStore|iPhone.ActiveCfg = Release|Any CPU
		{5F9D7EEF-BFB9-4060-A8AD-564E860CD910}.AppStore|iPhone.Build.0 = Release|Any CPU
		{5F9D7EEF-BFB9-4060-A8AD-564E860CD910}.AppStore|iPhone.Deploy.0 = Release|Any CPU
		{5F9D7EEF-BFB9-4060-A8AD-564E860CD910}.AppStore|iPhoneSimulator.ActiveCfg = Release|Any CPU
		{5F9D7EEF-BFB9-4060-A8AD-564E860CD910}.AppStore|iPhoneSimulator.Build.0 = Release|Any CPU
		{5F9D7EEF-BFB9-4060-A8AD-564E860CD910}.AppStore|iPhoneSimulator.Deploy.0 = Release|Any CPU
		{5F9D7EEF-BFB9-4060-A8AD-564E860CD910}.AppStore|x64.ActiveCfg = Release|Any CPU
		{5F9D7EEF-BFB9-4060-A8AD-564E860CD910}.AppStore|x64.Build.0 = Release|Any CPU
		{5F9D7EEF-BFB9-4060-A8AD-564E860CD910}.AppStore|x64.Deploy.0 = Release|Any CPU
		{5F9D7EEF-BFB9-4060-A8AD-564E860CD910}.AppStore|x86.ActiveCfg = Release|Any CPU
		{5F9D7EEF-BFB9-4060-A8AD-564E860CD910}.AppStore|x86.Build.0 = Release|Any CPU
		{5F9D7EEF-BFB9-4060-A8AD-564E860CD910}.AppStore|x86.Deploy.0 = Release|Any CPU
		{5F9D7EEF-BFB9-4060-A8AD-564E860CD910}.Debug|Any CPU.ActiveCfg = Debug|Any CPU
		{5F9D7EEF-BFB9-4060-A8AD-564E860CD910}.Debug|Any CPU.Build.0 = Debug|Any CPU
		{5F9D7EEF-BFB9-4060-A8AD-564E860CD910}.Debug|Any CPU.Deploy.0 = Debug|Any CPU
		{5F9D7EEF-BFB9-4060-A8AD-564E860CD910}.Debug|ARM.ActiveCfg = Debug|Any CPU
		{5F9D7EEF-BFB9-4060-A8AD-564E860CD910}.Debug|ARM.Build.0 = Debug|Any CPU
		{5F9D7EEF-BFB9-4060-A8AD-564E860CD910}.Debug|ARM.Deploy.0 = Debug|Any CPU
		{5F9D7EEF-BFB9-4060-A8AD-564E860CD910}.Debug|iPhone.ActiveCfg = Debug|Any CPU
		{5F9D7EEF-BFB9-4060-A8AD-564E860CD910}.Debug|iPhone.Build.0 = Debug|Any CPU
		{5F9D7EEF-BFB9-4060-A8AD-564E860CD910}.Debug|iPhone.Deploy.0 = Debug|Any CPU
		{5F9D7EEF-BFB9-4060-A8AD-564E860CD910}.Debug|iPhoneSimulator.ActiveCfg = Debug|Any CPU
		{5F9D7EEF-BFB9-4060-A8AD-564E860CD910}.Debug|iPhoneSimulator.Build.0 = Debug|Any CPU
		{5F9D7EEF-BFB9-4060-A8AD-564E860CD910}.Debug|iPhoneSimulator.Deploy.0 = Debug|Any CPU
		{5F9D7EEF-BFB9-4060-A8AD-564E860CD910}.Debug|x64.ActiveCfg = Debug|Any CPU
		{5F9D7EEF-BFB9-4060-A8AD-564E860CD910}.Debug|x64.Build.0 = Debug|Any CPU
		{5F9D7EEF-BFB9-4060-A8AD-564E860CD910}.Debug|x64.Deploy.0 = Debug|Any CPU
		{5F9D7EEF-BFB9-4060-A8AD-564E860CD910}.Debug|x86.ActiveCfg = Debug|Any CPU
		{5F9D7EEF-BFB9-4060-A8AD-564E860CD910}.Debug|x86.Build.0 = Debug|Any CPU
		{5F9D7EEF-BFB9-4060-A8AD-564E860CD910}.Debug|x86.Deploy.0 = Debug|Any CPU
		{5F9D7EEF-BFB9-4060-A8AD-564E860CD910}.Release|Any CPU.ActiveCfg = Release|Any CPU
		{5F9D7EEF-BFB9-4060-A8AD-564E860CD910}.Release|Any CPU.Build.0 = Release|Any CPU
		{5F9D7EEF-BFB9-4060-A8AD-564E860CD910}.Release|Any CPU.Deploy.0 = Release|Any CPU
		{5F9D7EEF-BFB9-4060-A8AD-564E860CD910}.Release|ARM.ActiveCfg = Release|Any CPU
		{5F9D7EEF-BFB9-4060-A8AD-564E860CD910}.Release|ARM.Build.0 = Release|Any CPU
		{5F9D7EEF-BFB9-4060-A8AD-564E860CD910}.Release|ARM.Deploy.0 = Release|Any CPU
		{5F9D7EEF-BFB9-4060-A8AD-564E860CD910}.Release|iPhone.ActiveCfg = Release|Any CPU
		{5F9D7EEF-BFB9-4060-A8AD-564E860CD910}.Release|iPhone.Build.0 = Release|Any CPU
		{5F9D7EEF-BFB9-4060-A8AD-564E860CD910}.Release|iPhone.Deploy.0 = Release|Any CPU
		{5F9D7EEF-BFB9-4060-A8AD-564E860CD910}.Release|iPhoneSimulator.ActiveCfg = Release|Any CPU
		{5F9D7EEF-BFB9-4060-A8AD-564E860CD910}.Release|iPhoneSimulator.Build.0 = Release|Any CPU
		{5F9D7EEF-BFB9-4060-A8AD-564E860CD910}.Release|iPhoneSimulator.Deploy.0 = Release|Any CPU
		{5F9D7EEF-BFB9-4060-A8AD-564E860CD910}.Release|x64.ActiveCfg = Release|Any CPU
		{5F9D7EEF-BFB9-4060-A8AD-564E860CD910}.Release|x64.Build.0 = Release|Any CPU
		{5F9D7EEF-BFB9-4060-A8AD-564E860CD910}.Release|x64.Deploy.0 = Release|Any CPU
		{5F9D7EEF-BFB9-4060-A8AD-564E860CD910}.Release|x86.ActiveCfg = Release|Any CPU
		{5F9D7EEF-BFB9-4060-A8AD-564E860CD910}.Release|x86.Build.0 = Release|Any CPU
		{5F9D7EEF-BFB9-4060-A8AD-564E860CD910}.Release|x86.Deploy.0 = Release|Any CPU
		{7AA14394-F93A-49BB-BD05-EC4040EB0489}.Ad-Hoc|Any CPU.ActiveCfg = Ad-Hoc|iPhone
		{7AA14394-F93A-49BB-BD05-EC4040EB0489}.Ad-Hoc|Any CPU.Build.0 = Ad-Hoc|iPhone
		{7AA14394-F93A-49BB-BD05-EC4040EB0489}.Ad-Hoc|Any CPU.Deploy.0 = Ad-Hoc|iPhone
		{7AA14394-F93A-49BB-BD05-EC4040EB0489}.Ad-Hoc|ARM.ActiveCfg = Ad-Hoc|iPhone
		{7AA14394-F93A-49BB-BD05-EC4040EB0489}.Ad-Hoc|ARM.Build.0 = Ad-Hoc|iPhone
		{7AA14394-F93A-49BB-BD05-EC4040EB0489}.Ad-Hoc|ARM.Deploy.0 = Ad-Hoc|iPhone
		{7AA14394-F93A-49BB-BD05-EC4040EB0489}.Ad-Hoc|iPhone.ActiveCfg = Ad-Hoc|iPhone
		{7AA14394-F93A-49BB-BD05-EC4040EB0489}.Ad-Hoc|iPhone.Build.0 = Ad-Hoc|iPhone
		{7AA14394-F93A-49BB-BD05-EC4040EB0489}.Ad-Hoc|iPhone.Deploy.0 = Ad-Hoc|iPhone
		{7AA14394-F93A-49BB-BD05-EC4040EB0489}.Ad-Hoc|iPhoneSimulator.ActiveCfg = Ad-Hoc|iPhoneSimulator
		{7AA14394-F93A-49BB-BD05-EC4040EB0489}.Ad-Hoc|iPhoneSimulator.Build.0 = Ad-Hoc|iPhoneSimulator
		{7AA14394-F93A-49BB-BD05-EC4040EB0489}.Ad-Hoc|iPhoneSimulator.Deploy.0 = Ad-Hoc|iPhoneSimulator
		{7AA14394-F93A-49BB-BD05-EC4040EB0489}.Ad-Hoc|x64.ActiveCfg = Ad-Hoc|iPhone
		{7AA14394-F93A-49BB-BD05-EC4040EB0489}.Ad-Hoc|x64.Build.0 = Ad-Hoc|iPhone
		{7AA14394-F93A-49BB-BD05-EC4040EB0489}.Ad-Hoc|x64.Deploy.0 = Ad-Hoc|iPhone
		{7AA14394-F93A-49BB-BD05-EC4040EB0489}.Ad-Hoc|x86.ActiveCfg = Ad-Hoc|iPhone
		{7AA14394-F93A-49BB-BD05-EC4040EB0489}.Ad-Hoc|x86.Build.0 = Ad-Hoc|iPhone
		{7AA14394-F93A-49BB-BD05-EC4040EB0489}.Ad-Hoc|x86.Deploy.0 = Ad-Hoc|iPhone
		{7AA14394-F93A-49BB-BD05-EC4040EB0489}.AppStore|Any CPU.ActiveCfg = AppStore|iPhone
		{7AA14394-F93A-49BB-BD05-EC4040EB0489}.AppStore|Any CPU.Build.0 = AppStore|iPhone
		{7AA14394-F93A-49BB-BD05-EC4040EB0489}.AppStore|Any CPU.Deploy.0 = AppStore|iPhone
		{7AA14394-F93A-49BB-BD05-EC4040EB0489}.AppStore|ARM.ActiveCfg = AppStore|iPhone
		{7AA14394-F93A-49BB-BD05-EC4040EB0489}.AppStore|ARM.Build.0 = AppStore|iPhone
		{7AA14394-F93A-49BB-BD05-EC4040EB0489}.AppStore|ARM.Deploy.0 = AppStore|iPhone
		{7AA14394-F93A-49BB-BD05-EC4040EB0489}.AppStore|iPhone.ActiveCfg = AppStore|iPhone
		{7AA14394-F93A-49BB-BD05-EC4040EB0489}.AppStore|iPhone.Build.0 = AppStore|iPhone
		{7AA14394-F93A-49BB-BD05-EC4040EB0489}.AppStore|iPhone.Deploy.0 = AppStore|iPhone
		{7AA14394-F93A-49BB-BD05-EC4040EB0489}.AppStore|iPhoneSimulator.ActiveCfg = AppStore|iPhoneSimulator
		{7AA14394-F93A-49BB-BD05-EC4040EB0489}.AppStore|iPhoneSimulator.Build.0 = AppStore|iPhoneSimulator
		{7AA14394-F93A-49BB-BD05-EC4040EB0489}.AppStore|iPhoneSimulator.Deploy.0 = AppStore|iPhoneSimulator
		{7AA14394-F93A-49BB-BD05-EC4040EB0489}.AppStore|x64.ActiveCfg = AppStore|iPhone
		{7AA14394-F93A-49BB-BD05-EC4040EB0489}.AppStore|x64.Build.0 = AppStore|iPhone
		{7AA14394-F93A-49BB-BD05-EC4040EB0489}.AppStore|x64.Deploy.0 = AppStore|iPhone
		{7AA14394-F93A-49BB-BD05-EC4040EB0489}.AppStore|x86.ActiveCfg = AppStore|iPhone
		{7AA14394-F93A-49BB-BD05-EC4040EB0489}.AppStore|x86.Build.0 = AppStore|iPhone
		{7AA14394-F93A-49BB-BD05-EC4040EB0489}.AppStore|x86.Deploy.0 = AppStore|iPhone
		{7AA14394-F93A-49BB-BD05-EC4040EB0489}.Debug|Any CPU.ActiveCfg = Debug|iPhoneSimulator
		{7AA14394-F93A-49BB-BD05-EC4040EB0489}.Debug|Any CPU.Build.0 = Debug|iPhoneSimulator
		{7AA14394-F93A-49BB-BD05-EC4040EB0489}.Debug|Any CPU.Deploy.0 = Debug|iPhoneSimulator
		{7AA14394-F93A-49BB-BD05-EC4040EB0489}.Debug|ARM.ActiveCfg = Debug|iPhone
		{7AA14394-F93A-49BB-BD05-EC4040EB0489}.Debug|ARM.Build.0 = Debug|iPhone
		{7AA14394-F93A-49BB-BD05-EC4040EB0489}.Debug|ARM.Deploy.0 = Debug|iPhone
		{7AA14394-F93A-49BB-BD05-EC4040EB0489}.Debug|iPhone.ActiveCfg = Debug|iPhone
		{7AA14394-F93A-49BB-BD05-EC4040EB0489}.Debug|iPhone.Build.0 = Debug|iPhone
		{7AA14394-F93A-49BB-BD05-EC4040EB0489}.Debug|iPhone.Deploy.0 = Debug|iPhone
		{7AA14394-F93A-49BB-BD05-EC4040EB0489}.Debug|iPhoneSimulator.ActiveCfg = Debug|iPhoneSimulator
		{7AA14394-F93A-49BB-BD05-EC4040EB0489}.Debug|iPhoneSimulator.Build.0 = Debug|iPhoneSimulator
		{7AA14394-F93A-49BB-BD05-EC4040EB0489}.Debug|iPhoneSimulator.Deploy.0 = Debug|iPhoneSimulator
		{7AA14394-F93A-49BB-BD05-EC4040EB0489}.Debug|x64.ActiveCfg = Debug|iPhone
		{7AA14394-F93A-49BB-BD05-EC4040EB0489}.Debug|x64.Build.0 = Debug|iPhone
		{7AA14394-F93A-49BB-BD05-EC4040EB0489}.Debug|x64.Deploy.0 = Debug|iPhone
		{7AA14394-F93A-49BB-BD05-EC4040EB0489}.Debug|x86.ActiveCfg = Debug|iPhone
		{7AA14394-F93A-49BB-BD05-EC4040EB0489}.Debug|x86.Build.0 = Debug|iPhone
		{7AA14394-F93A-49BB-BD05-EC4040EB0489}.Debug|x86.Deploy.0 = Debug|iPhone
		{7AA14394-F93A-49BB-BD05-EC4040EB0489}.Release|Any CPU.ActiveCfg = Release|iPhone
		{7AA14394-F93A-49BB-BD05-EC4040EB0489}.Release|Any CPU.Build.0 = Release|iPhone
		{7AA14394-F93A-49BB-BD05-EC4040EB0489}.Release|Any CPU.Deploy.0 = Release|iPhone
		{7AA14394-F93A-49BB-BD05-EC4040EB0489}.Release|ARM.ActiveCfg = Release|iPhone
		{7AA14394-F93A-49BB-BD05-EC4040EB0489}.Release|ARM.Build.0 = Release|iPhone
		{7AA14394-F93A-49BB-BD05-EC4040EB0489}.Release|ARM.Deploy.0 = Release|iPhone
		{7AA14394-F93A-49BB-BD05-EC4040EB0489}.Release|iPhone.ActiveCfg = Release|iPhone
		{7AA14394-F93A-49BB-BD05-EC4040EB0489}.Release|iPhone.Build.0 = Release|iPhone
		{7AA14394-F93A-49BB-BD05-EC4040EB0489}.Release|iPhone.Deploy.0 = Release|iPhone
		{7AA14394-F93A-49BB-BD05-EC4040EB0489}.Release|iPhoneSimulator.ActiveCfg = Release|iPhoneSimulator
		{7AA14394-F93A-49BB-BD05-EC4040EB0489}.Release|iPhoneSimulator.Build.0 = Release|iPhoneSimulator
		{7AA14394-F93A-49BB-BD05-EC4040EB0489}.Release|iPhoneSimulator.Deploy.0 = Release|iPhoneSimulator
		{7AA14394-F93A-49BB-BD05-EC4040EB0489}.Release|x64.ActiveCfg = Release|iPhone
		{7AA14394-F93A-49BB-BD05-EC4040EB0489}.Release|x64.Build.0 = Release|iPhone
		{7AA14394-F93A-49BB-BD05-EC4040EB0489}.Release|x64.Deploy.0 = Release|iPhone
		{7AA14394-F93A-49BB-BD05-EC4040EB0489}.Release|x86.ActiveCfg = Release|iPhone
		{7AA14394-F93A-49BB-BD05-EC4040EB0489}.Release|x86.Build.0 = Release|iPhone
		{7AA14394-F93A-49BB-BD05-EC4040EB0489}.Release|x86.Deploy.0 = Release|iPhone
		{EDA34052-09BF-41C2-97B9-5BEAF81BDD7A}.Ad-Hoc|Any CPU.ActiveCfg = Release|x86
		{EDA34052-09BF-41C2-97B9-5BEAF81BDD7A}.Ad-Hoc|Any CPU.Build.0 = Release|x86
		{EDA34052-09BF-41C2-97B9-5BEAF81BDD7A}.Ad-Hoc|Any CPU.Deploy.0 = Release|x86
		{EDA34052-09BF-41C2-97B9-5BEAF81BDD7A}.Ad-Hoc|ARM.ActiveCfg = Release|ARM
		{EDA34052-09BF-41C2-97B9-5BEAF81BDD7A}.Ad-Hoc|ARM.Build.0 = Release|ARM
		{EDA34052-09BF-41C2-97B9-5BEAF81BDD7A}.Ad-Hoc|ARM.Deploy.0 = Release|ARM
		{EDA34052-09BF-41C2-97B9-5BEAF81BDD7A}.Ad-Hoc|iPhone.ActiveCfg = Release|x86
		{EDA34052-09BF-41C2-97B9-5BEAF81BDD7A}.Ad-Hoc|iPhone.Build.0 = Release|x86
		{EDA34052-09BF-41C2-97B9-5BEAF81BDD7A}.Ad-Hoc|iPhone.Deploy.0 = Release|x86
		{EDA34052-09BF-41C2-97B9-5BEAF81BDD7A}.Ad-Hoc|iPhoneSimulator.ActiveCfg = Release|x86
		{EDA34052-09BF-41C2-97B9-5BEAF81BDD7A}.Ad-Hoc|iPhoneSimulator.Build.0 = Release|x86
		{EDA34052-09BF-41C2-97B9-5BEAF81BDD7A}.Ad-Hoc|iPhoneSimulator.Deploy.0 = Release|x86
		{EDA34052-09BF-41C2-97B9-5BEAF81BDD7A}.Ad-Hoc|x64.ActiveCfg = Release|x64
		{EDA34052-09BF-41C2-97B9-5BEAF81BDD7A}.Ad-Hoc|x64.Build.0 = Release|x64
		{EDA34052-09BF-41C2-97B9-5BEAF81BDD7A}.Ad-Hoc|x64.Deploy.0 = Release|x64
		{EDA34052-09BF-41C2-97B9-5BEAF81BDD7A}.Ad-Hoc|x86.ActiveCfg = Release|x86
		{EDA34052-09BF-41C2-97B9-5BEAF81BDD7A}.Ad-Hoc|x86.Build.0 = Release|x86
		{EDA34052-09BF-41C2-97B9-5BEAF81BDD7A}.Ad-Hoc|x86.Deploy.0 = Release|x86
		{EDA34052-09BF-41C2-97B9-5BEAF81BDD7A}.AppStore|Any CPU.ActiveCfg = Release|x86
		{EDA34052-09BF-41C2-97B9-5BEAF81BDD7A}.AppStore|Any CPU.Build.0 = Release|x86
		{EDA34052-09BF-41C2-97B9-5BEAF81BDD7A}.AppStore|Any CPU.Deploy.0 = Release|x86
		{EDA34052-09BF-41C2-97B9-5BEAF81BDD7A}.AppStore|ARM.ActiveCfg = Release|ARM
		{EDA34052-09BF-41C2-97B9-5BEAF81BDD7A}.AppStore|ARM.Build.0 = Release|ARM
		{EDA34052-09BF-41C2-97B9-5BEAF81BDD7A}.AppStore|ARM.Deploy.0 = Release|ARM
		{EDA34052-09BF-41C2-97B9-5BEAF81BDD7A}.AppStore|iPhone.ActiveCfg = Release|x86
		{EDA34052-09BF-41C2-97B9-5BEAF81BDD7A}.AppStore|iPhone.Build.0 = Release|x86
		{EDA34052-09BF-41C2-97B9-5BEAF81BDD7A}.AppStore|iPhone.Deploy.0 = Release|x86
		{EDA34052-09BF-41C2-97B9-5BEAF81BDD7A}.AppStore|iPhoneSimulator.ActiveCfg = Release|x86
		{EDA34052-09BF-41C2-97B9-5BEAF81BDD7A}.AppStore|iPhoneSimulator.Build.0 = Release|x86
		{EDA34052-09BF-41C2-97B9-5BEAF81BDD7A}.AppStore|iPhoneSimulator.Deploy.0 = Release|x86
		{EDA34052-09BF-41C2-97B9-5BEAF81BDD7A}.AppStore|x64.ActiveCfg = Release|x64
		{EDA34052-09BF-41C2-97B9-5BEAF81BDD7A}.AppStore|x64.Build.0 = Release|x64
		{EDA34052-09BF-41C2-97B9-5BEAF81BDD7A}.AppStore|x64.Deploy.0 = Release|x64
		{EDA34052-09BF-41C2-97B9-5BEAF81BDD7A}.AppStore|x86.ActiveCfg = Release|x86
		{EDA34052-09BF-41C2-97B9-5BEAF81BDD7A}.AppStore|x86.Build.0 = Release|x86
		{EDA34052-09BF-41C2-97B9-5BEAF81BDD7A}.AppStore|x86.Deploy.0 = Release|x86
		{EDA34052-09BF-41C2-97B9-5BEAF81BDD7A}.Debug|Any CPU.ActiveCfg = Debug|x86
		{EDA34052-09BF-41C2-97B9-5BEAF81BDD7A}.Debug|Any CPU.Build.0 = Debug|x86
		{EDA34052-09BF-41C2-97B9-5BEAF81BDD7A}.Debug|Any CPU.Deploy.0 = Debug|x86
		{EDA34052-09BF-41C2-97B9-5BEAF81BDD7A}.Debug|ARM.ActiveCfg = Debug|ARM
		{EDA34052-09BF-41C2-97B9-5BEAF81BDD7A}.Debug|ARM.Build.0 = Debug|ARM
		{EDA34052-09BF-41C2-97B9-5BEAF81BDD7A}.Debug|ARM.Deploy.0 = Debug|ARM
		{EDA34052-09BF-41C2-97B9-5BEAF81BDD7A}.Debug|iPhone.ActiveCfg = Debug|x86
		{EDA34052-09BF-41C2-97B9-5BEAF81BDD7A}.Debug|iPhone.Build.0 = Debug|x86
		{EDA34052-09BF-41C2-97B9-5BEAF81BDD7A}.Debug|iPhone.Deploy.0 = Debug|x86
		{EDA34052-09BF-41C2-97B9-5BEAF81BDD7A}.Debug|iPhoneSimulator.ActiveCfg = Debug|x86
		{EDA34052-09BF-41C2-97B9-5BEAF81BDD7A}.Debug|iPhoneSimulator.Build.0 = Debug|x86
		{EDA34052-09BF-41C2-97B9-5BEAF81BDD7A}.Debug|iPhoneSimulator.Deploy.0 = Debug|x86
		{EDA34052-09BF-41C2-97B9-5BEAF81BDD7A}.Debug|x64.ActiveCfg = Debug|x64
		{EDA34052-09BF-41C2-97B9-5BEAF81BDD7A}.Debug|x64.Build.0 = Debug|x64
		{EDA34052-09BF-41C2-97B9-5BEAF81BDD7A}.Debug|x64.Deploy.0 = Debug|x64
		{EDA34052-09BF-41C2-97B9-5BEAF81BDD7A}.Debug|x86.ActiveCfg = Debug|x86
		{EDA34052-09BF-41C2-97B9-5BEAF81BDD7A}.Debug|x86.Build.0 = Debug|x86
		{EDA34052-09BF-41C2-97B9-5BEAF81BDD7A}.Debug|x86.Deploy.0 = Debug|x86
		{EDA34052-09BF-41C2-97B9-5BEAF81BDD7A}.Release|Any CPU.ActiveCfg = Release|x86
		{EDA34052-09BF-41C2-97B9-5BEAF81BDD7A}.Release|Any CPU.Build.0 = Release|x86
		{EDA34052-09BF-41C2-97B9-5BEAF81BDD7A}.Release|Any CPU.Deploy.0 = Release|x86
		{EDA34052-09BF-41C2-97B9-5BEAF81BDD7A}.Release|ARM.ActiveCfg = Release|ARM
		{EDA34052-09BF-41C2-97B9-5BEAF81BDD7A}.Release|ARM.Build.0 = Release|ARM
		{EDA34052-09BF-41C2-97B9-5BEAF81BDD7A}.Release|ARM.Deploy.0 = Release|ARM
		{EDA34052-09BF-41C2-97B9-5BEAF81BDD7A}.Release|iPhone.ActiveCfg = Release|x86
		{EDA34052-09BF-41C2-97B9-5BEAF81BDD7A}.Release|iPhone.Build.0 = Release|x86
		{EDA34052-09BF-41C2-97B9-5BEAF81BDD7A}.Release|iPhone.Deploy.0 = Release|x86
		{EDA34052-09BF-41C2-97B9-5BEAF81BDD7A}.Release|iPhoneSimulator.ActiveCfg = Release|x86
		{EDA34052-09BF-41C2-97B9-5BEAF81BDD7A}.Release|iPhoneSimulator.Build.0 = Release|x86
		{EDA34052-09BF-41C2-97B9-5BEAF81BDD7A}.Release|iPhoneSimulator.Deploy.0 = Release|x86
		{EDA34052-09BF-41C2-97B9-5BEAF81BDD7A}.Release|x64.ActiveCfg = Release|x64
		{EDA34052-09BF-41C2-97B9-5BEAF81BDD7A}.Release|x64.Build.0 = Release|x64
		{EDA34052-09BF-41C2-97B9-5BEAF81BDD7A}.Release|x64.Deploy.0 = Release|x64
		{EDA34052-09BF-41C2-97B9-5BEAF81BDD7A}.Release|x86.ActiveCfg = Release|x86
		{EDA34052-09BF-41C2-97B9-5BEAF81BDD7A}.Release|x86.Build.0 = Release|x86
		{EDA34052-09BF-41C2-97B9-5BEAF81BDD7A}.Release|x86.Deploy.0 = Release|x86
		{AB2C66FA-5C7B-4AE1-A406-2680231A830A}.Ad-Hoc|Any CPU.ActiveCfg = Debug|Any CPU
		{AB2C66FA-5C7B-4AE1-A406-2680231A830A}.Ad-Hoc|Any CPU.Build.0 = Debug|Any CPU
		{AB2C66FA-5C7B-4AE1-A406-2680231A830A}.Ad-Hoc|Any CPU.Deploy.0 = Debug|Any CPU
		{AB2C66FA-5C7B-4AE1-A406-2680231A830A}.Ad-Hoc|ARM.ActiveCfg = Debug|Any CPU
		{AB2C66FA-5C7B-4AE1-A406-2680231A830A}.Ad-Hoc|ARM.Build.0 = Debug|Any CPU
		{AB2C66FA-5C7B-4AE1-A406-2680231A830A}.Ad-Hoc|ARM.Deploy.0 = Debug|Any CPU
		{AB2C66FA-5C7B-4AE1-A406-2680231A830A}.Ad-Hoc|iPhone.ActiveCfg = Debug|Any CPU
		{AB2C66FA-5C7B-4AE1-A406-2680231A830A}.Ad-Hoc|iPhone.Build.0 = Debug|Any CPU
		{AB2C66FA-5C7B-4AE1-A406-2680231A830A}.Ad-Hoc|iPhone.Deploy.0 = Debug|Any CPU
		{AB2C66FA-5C7B-4AE1-A406-2680231A830A}.Ad-Hoc|iPhoneSimulator.ActiveCfg = Debug|Any CPU
		{AB2C66FA-5C7B-4AE1-A406-2680231A830A}.Ad-Hoc|iPhoneSimulator.Build.0 = Debug|Any CPU
		{AB2C66FA-5C7B-4AE1-A406-2680231A830A}.Ad-Hoc|iPhoneSimulator.Deploy.0 = Debug|Any CPU
		{AB2C66FA-5C7B-4AE1-A406-2680231A830A}.Ad-Hoc|x64.ActiveCfg = Debug|Any CPU
		{AB2C66FA-5C7B-4AE1-A406-2680231A830A}.Ad-Hoc|x64.Build.0 = Debug|Any CPU
		{AB2C66FA-5C7B-4AE1-A406-2680231A830A}.Ad-Hoc|x64.Deploy.0 = Debug|Any CPU
		{AB2C66FA-5C7B-4AE1-A406-2680231A830A}.Ad-Hoc|x86.ActiveCfg = Debug|Any CPU
		{AB2C66FA-5C7B-4AE1-A406-2680231A830A}.Ad-Hoc|x86.Build.0 = Debug|Any CPU
		{AB2C66FA-5C7B-4AE1-A406-2680231A830A}.Ad-Hoc|x86.Deploy.0 = Debug|Any CPU
		{AB2C66FA-5C7B-4AE1-A406-2680231A830A}.AppStore|Any CPU.ActiveCfg = Debug|Any CPU
		{AB2C66FA-5C7B-4AE1-A406-2680231A830A}.AppStore|Any CPU.Build.0 = Debug|Any CPU
		{AB2C66FA-5C7B-4AE1-A406-2680231A830A}.AppStore|Any CPU.Deploy.0 = Debug|Any CPU
		{AB2C66FA-5C7B-4AE1-A406-2680231A830A}.AppStore|ARM.ActiveCfg = Debug|Any CPU
		{AB2C66FA-5C7B-4AE1-A406-2680231A830A}.AppStore|ARM.Build.0 = Debug|Any CPU
		{AB2C66FA-5C7B-4AE1-A406-2680231A830A}.AppStore|ARM.Deploy.0 = Debug|Any CPU
		{AB2C66FA-5C7B-4AE1-A406-2680231A830A}.AppStore|iPhone.ActiveCfg = Debug|Any CPU
		{AB2C66FA-5C7B-4AE1-A406-2680231A830A}.AppStore|iPhone.Build.0 = Debug|Any CPU
		{AB2C66FA-5C7B-4AE1-A406-2680231A830A}.AppStore|iPhone.Deploy.0 = Debug|Any CPU
		{AB2C66FA-5C7B-4AE1-A406-2680231A830A}.AppStore|iPhoneSimulator.ActiveCfg = Debug|Any CPU
		{AB2C66FA-5C7B-4AE1-A406-2680231A830A}.AppStore|iPhoneSimulator.Build.0 = Debug|Any CPU
		{AB2C66FA-5C7B-4AE1-A406-2680231A830A}.AppStore|iPhoneSimulator.Deploy.0 = Debug|Any CPU
		{AB2C66FA-5C7B-4AE1-A406-2680231A830A}.AppStore|x64.ActiveCfg = Debug|Any CPU
		{AB2C66FA-5C7B-4AE1-A406-2680231A830A}.AppStore|x64.Build.0 = Debug|Any CPU
		{AB2C66FA-5C7B-4AE1-A406-2680231A830A}.AppStore|x64.Deploy.0 = Debug|Any CPU
		{AB2C66FA-5C7B-4AE1-A406-2680231A830A}.AppStore|x86.ActiveCfg = Debug|Any CPU
		{AB2C66FA-5C7B-4AE1-A406-2680231A830A}.AppStore|x86.Build.0 = Debug|Any CPU
		{AB2C66FA-5C7B-4AE1-A406-2680231A830A}.AppStore|x86.Deploy.0 = Debug|Any CPU
		{AB2C66FA-5C7B-4AE1-A406-2680231A830A}.Debug|Any CPU.ActiveCfg = Debug|Any CPU
		{AB2C66FA-5C7B-4AE1-A406-2680231A830A}.Debug|Any CPU.Build.0 = Debug|Any CPU
		{AB2C66FA-5C7B-4AE1-A406-2680231A830A}.Debug|Any CPU.Deploy.0 = Debug|Any CPU
		{AB2C66FA-5C7B-4AE1-A406-2680231A830A}.Debug|ARM.ActiveCfg = Debug|Any CPU
		{AB2C66FA-5C7B-4AE1-A406-2680231A830A}.Debug|ARM.Build.0 = Debug|Any CPU
		{AB2C66FA-5C7B-4AE1-A406-2680231A830A}.Debug|ARM.Deploy.0 = Debug|Any CPU
		{AB2C66FA-5C7B-4AE1-A406-2680231A830A}.Debug|iPhone.ActiveCfg = Debug|Any CPU
		{AB2C66FA-5C7B-4AE1-A406-2680231A830A}.Debug|iPhone.Build.0 = Debug|Any CPU
		{AB2C66FA-5C7B-4AE1-A406-2680231A830A}.Debug|iPhone.Deploy.0 = Debug|Any CPU
		{AB2C66FA-5C7B-4AE1-A406-2680231A830A}.Debug|iPhoneSimulator.ActiveCfg = Debug|Any CPU
		{AB2C66FA-5C7B-4AE1-A406-2680231A830A}.Debug|iPhoneSimulator.Build.0 = Debug|Any CPU
		{AB2C66FA-5C7B-4AE1-A406-2680231A830A}.Debug|iPhoneSimulator.Deploy.0 = Debug|Any CPU
		{AB2C66FA-5C7B-4AE1-A406-2680231A830A}.Debug|x64.ActiveCfg = Debug|Any CPU
		{AB2C66FA-5C7B-4AE1-A406-2680231A830A}.Debug|x64.Build.0 = Debug|Any CPU
		{AB2C66FA-5C7B-4AE1-A406-2680231A830A}.Debug|x64.Deploy.0 = Debug|Any CPU
		{AB2C66FA-5C7B-4AE1-A406-2680231A830A}.Debug|x86.ActiveCfg = Debug|Any CPU
		{AB2C66FA-5C7B-4AE1-A406-2680231A830A}.Debug|x86.Build.0 = Debug|Any CPU
		{AB2C66FA-5C7B-4AE1-A406-2680231A830A}.Debug|x86.Deploy.0 = Debug|Any CPU
		{AB2C66FA-5C7B-4AE1-A406-2680231A830A}.Release|Any CPU.ActiveCfg = Release|Any CPU
		{AB2C66FA-5C7B-4AE1-A406-2680231A830A}.Release|Any CPU.Build.0 = Release|Any CPU
		{AB2C66FA-5C7B-4AE1-A406-2680231A830A}.Release|Any CPU.Deploy.0 = Release|Any CPU
		{AB2C66FA-5C7B-4AE1-A406-2680231A830A}.Release|ARM.ActiveCfg = Release|Any CPU
		{AB2C66FA-5C7B-4AE1-A406-2680231A830A}.Release|ARM.Build.0 = Release|Any CPU
		{AB2C66FA-5C7B-4AE1-A406-2680231A830A}.Release|ARM.Deploy.0 = Release|Any CPU
		{AB2C66FA-5C7B-4AE1-A406-2680231A830A}.Release|iPhone.ActiveCfg = Release|Any CPU
		{AB2C66FA-5C7B-4AE1-A406-2680231A830A}.Release|iPhone.Build.0 = Release|Any CPU
		{AB2C66FA-5C7B-4AE1-A406-2680231A830A}.Release|iPhone.Deploy.0 = Release|Any CPU
		{AB2C66FA-5C7B-4AE1-A406-2680231A830A}.Release|iPhoneSimulator.ActiveCfg = Release|Any CPU
		{AB2C66FA-5C7B-4AE1-A406-2680231A830A}.Release|iPhoneSimulator.Build.0 = Release|Any CPU
		{AB2C66FA-5C7B-4AE1-A406-2680231A830A}.Release|iPhoneSimulator.Deploy.0 = Release|Any CPU
		{AB2C66FA-5C7B-4AE1-A406-2680231A830A}.Release|x64.ActiveCfg = Release|Any CPU
		{AB2C66FA-5C7B-4AE1-A406-2680231A830A}.Release|x64.Build.0 = Release|Any CPU
		{AB2C66FA-5C7B-4AE1-A406-2680231A830A}.Release|x64.Deploy.0 = Release|Any CPU
		{AB2C66FA-5C7B-4AE1-A406-2680231A830A}.Release|x86.ActiveCfg = Release|Any CPU
		{AB2C66FA-5C7B-4AE1-A406-2680231A830A}.Release|x86.Build.0 = Release|Any CPU
		{AB2C66FA-5C7B-4AE1-A406-2680231A830A}.Release|x86.Deploy.0 = Release|Any CPU
	EndGlobalSection
	GlobalSection(SolutionProperties) = preSolution
		HideSolutionNode = FALSE
	EndGlobalSection
	GlobalSection(ExtensibilityGlobals) = postSolution
		SolutionGuid = {232DE0A0-7198-41BB-A287-7CC3EF3EB390}
	EndGlobalSection
EndGlobal
